
Microsoft Visual Studio Solution File, Format Version 12.00
# Visual Studio Version 17
VisualStudioVersion = 17.1.32328.378
MinimumVisualStudioVersion = 10.0.40219.1
Project("{FAE04EC0-301F-11D3-BF4B-00C04F79EFBC}") = "Infobase.Assessment", "Infobase.Assessment\Infobase.Assessment.csproj", "{CAD31493-6E7F-4EED-B087-BCB7459D831C}"
EndProject
Global
	GlobalSection(SolutionConfigurationPlatforms) = preSolution
		Debug|Any CPU = Debug|Any CPU
		Release|Any CPU = Release|Any CPU
	EndGlobalSection
	GlobalSection(ProjectConfigurationPlatforms) = postSolution
		{CAD31493-6E7F-4EED-B087-BCB7459D831C}.Debug|Any CPU.ActiveCfg = Debug|Any CPU
		{CAD31493-6E7F-4EED-B087-BCB7459D831C}.Debug|Any CPU.Build.0 = Debug|Any CPU
		{CAD31493-6E7F-4EED-B087-BCB7459D831C}.Release|Any CPU.ActiveCfg = Release|Any CPU
		{CAD31493-6E7F-4EED-B087-BCB7459D831C}.Release|Any CPU.Build.0 = Release|Any CPU
	EndGlobalSection
	GlobalSection(SolutionProperties) = preSolution
		HideSolutionNode = FALSE
	EndGlobalSection
	GlobalSection(ExtensibilityGlobals) = postSolution
		SolutionGuid = {2C8B7A13-B55A-4046-B550-DC63E266C2EC}
	EndGlobalSection
EndGlobal
